
Microsoft Visual Studio Solution File, Format Version 12.00
# Visual Studio 15
Project("{FAE04EC0-301F-11D3-BF4B-00C04F79EFBC}") = "Matrix", "Matrix\Matrix.csproj", "{EFBB9191-3E0C-4391-814C-6C93EA6E000E}"
EndProject
Global
	GlobalSection(SolutionConfigurationPlatforms) = preSolution
		Debug|anycpu = Debug|anycpu
		Release|anycpu = Release|anycpu
	EndGlobalSection
	GlobalSection(ProjectConfigurationPlatforms) = postSolution
		{EFBB9191-3E0C-4391-814C-6C93EA6E000E}.Debug|anycpu.ActiveCfg = Debug|anycpu
		{EFBB9191-3E0C-4391-814C-6C93EA6E000E}.Debug|anycpu.Build.0 = Debug|anycpu
		{EFBB9191-3E0C-4391-814C-6C93EA6E000E}.Release|anycpu.ActiveCfg = Release|anycpu
		{EFBB9191-3E0C-4391-814C-6C93EA6E000E}.Release|anycpu.Build.0 = Release|anycpu
	EndGlobalSection
EndGlobal
