
Microsoft Visual Studio Solution File, Format Version 12.00
# Visual Studio 15
Project("{FAE04EC0-301F-11D3-BF4B-00C04F79EFBC}") = "Homework1_ChessCells", "Homework1_ChessCells\Homework1_ChessCells.csproj", "{3A3CB977-EBFE-442C-B7D3-63EC5DFA65D6}"
EndProject
Global
	GlobalSection(SolutionConfigurationPlatforms) = preSolution
		Debug|anycpu = Debug|anycpu
		Release|anycpu = Release|anycpu
	EndGlobalSection
	GlobalSection(ProjectConfigurationPlatforms) = postSolution
		{3A3CB977-EBFE-442C-B7D3-63EC5DFA65D6}.Debug|anycpu.ActiveCfg = Debug|anycpu
		{3A3CB977-EBFE-442C-B7D3-63EC5DFA65D6}.Debug|anycpu.Build.0 = Debug|anycpu
		{3A3CB977-EBFE-442C-B7D3-63EC5DFA65D6}.Release|anycpu.ActiveCfg = Release|anycpu
		{3A3CB977-EBFE-442C-B7D3-63EC5DFA65D6}.Release|anycpu.Build.0 = Release|anycpu
	EndGlobalSection
EndGlobal
